// !$*UTF8*$!
{
	archiveVersion = 1;
	classes = {
	};
	objectVersion = 50;
	objects = {

/* Begin PBXBuildFile section */
		864636F822B7AECE004AF864 /* AppDelegate.swift in Sources */ = {isa = PBXBuildFile; fileRef = 864636F722B7AECE004AF864 /* AppDelegate.swift */; };
		864636FA22B7AECE004AF864 /* TasksTableVC.swift in Sources */ = {isa = PBXBuildFile; fileRef = 864636F922B7AECE004AF864 /* TasksTableVC.swift */; };
		864636FD22B7AECE004AF864 /* Main.storyboard in Resources */ = {isa = PBXBuildFile; fileRef = 864636FB22B7AECE004AF864 /* Main.storyboard */; };
		864636FF22B7AECF004AF864 /* Assets.xcassets in Resources */ = {isa = PBXBuildFile; fileRef = 864636FE22B7AECF004AF864 /* Assets.xcassets */; };
		8646370222B7AECF004AF864 /* LaunchScreen.storyboard in Resources */ = {isa = PBXBuildFile; fileRef = 8646370022B7AECF004AF864 /* LaunchScreen.storyboard */; };
		8646370A22B7E422004AF864 /* DetailVC.swift in Sources */ = {isa = PBXBuildFile; fileRef = 8646370922B7E422004AF864 /* DetailVC.swift */; };
		8646370C22B93E4B004AF864 /* TableViewCell.swift in Sources */ = {isa = PBXBuildFile; fileRef = 8646370B22B93E4B004AF864 /* TableViewCell.swift */; };
		8686874F22B96FA2009461EB /* UserDef.swift in Sources */ = {isa = PBXBuildFile; fileRef = 8686874E22B96FA2009461EB /* UserDef.swift */; };
/* End PBXBuildFile section */

/* Begin PBXFileReference section */
		864636F422B7AECE004AF864 /* Tasktracker.app */ = {isa = PBXFileReference; explicitFileType = wrapper.application; includeInIndex = 0; path = Tasktracker.app; sourceTree = BUILT_PRODUCTS_DIR; };
		864636F722B7AECE004AF864 /* AppDelegate.swift */ = {isa = PBXFileReference; lastKnownFileType = sourcecode.swift; path = AppDelegate.swift; sourceTree = "<group>"; };
		864636F922B7AECE004AF864 /* TasksTableVC.swift */ = {isa = PBXFileReference; lastKnownFileType = sourcecode.swift; path = TasksTableVC.swift; sourceTree = "<group>"; };
		864636FC22B7AECE004AF864 /* Base */ = {isa = PBXFileReference; lastKnownFileType = file.storyboard; name = Base; path = Base.lproj/Main.storyboard; sourceTree = "<group>"; };
		864636FE22B7AECF004AF864 /* Assets.xcassets */ = {isa = PBXFileReference; lastKnownFileType = folder.assetcatalog; path = Assets.xcassets; sourceTree = "<group>"; };
		8646370122B7AECF004AF864 /* Base */ = {isa = PBXFileReference; lastKnownFileType = file.storyboard; name = Base; path = Base.lproj/LaunchScreen.storyboard; sourceTree = "<group>"; };
		8646370322B7AECF004AF864 /* Info.plist */ = {isa = PBXFileReference; lastKnownFileType = text.plist; name = Info.plist; path = "Task tracker/Services/Info.plist"; sourceTree = "<group>"; };
		8646370922B7E422004AF864 /* DetailVC.swift */ = {isa = PBXFileReference; lastKnownFileType = sourcecode.swift; path = DetailVC.swift; sourceTree = "<group>"; };
		8646370B22B93E4B004AF864 /* TableViewCell.swift */ = {isa = PBXFileReference; lastKnownFileType = sourcecode.swift; path = TableViewCell.swift; sourceTree = "<group>"; };
		8686874E22B96FA2009461EB /* UserDef.swift */ = {isa = PBXFileReference; lastKnownFileType = sourcecode.swift; path = UserDef.swift; sourceTree = "<group>"; };
/* End PBXFileReference section */

/* Begin PBXFrameworksBuildPhase section */
		864636F122B7AECE004AF864 /* Frameworks */ = {
			isa = PBXFrameworksBuildPhase;
			buildActionMask = 2147483647;
			files = (
			);
			runOnlyForDeploymentPostprocessing = 0;
		};
/* End PBXFrameworksBuildPhase section */

/* Begin PBXGroup section */
		864636EB22B7AECE004AF864 = {
			isa = PBXGroup;
			children = (
				864636F622B7AECE004AF864 /* Task tracker */,
				8686875022B971A8009461EB /* Services */,
				8646370322B7AECF004AF864 /* Info.plist */,
				864636F522B7AECE004AF864 /* Products */,
			);
			sourceTree = "<group>";
		};
		864636F522B7AECE004AF864 /* Products */ = {
			isa = PBXGroup;
			children = (
				864636F422B7AECE004AF864 /* Tasktracker.app */,
			);
			name = Products;
			sourceTree = "<group>";
		};
		864636F622B7AECE004AF864 /* Task tracker */ = {
			isa = PBXGroup;
			children = (
				864636FB22B7AECE004AF864 /* Main.storyboard */,
				864636F922B7AECE004AF864 /* TasksTableVC.swift */,
				8646370B22B93E4B004AF864 /* TableViewCell.swift */,
				8646370922B7E422004AF864 /* DetailVC.swift */,
				8686874E22B96FA2009461EB /* UserDef.swift */,
			);
			path = "Task tracker";
			sourceTree = "<group>";
		};
		8686875022B971A8009461EB /* Services */ = {
			isa = PBXGroup;
			children = (
				864636F722B7AECE004AF864 /* AppDelegate.swift */,
				8646370022B7AECF004AF864 /* LaunchScreen.storyboard */,
				864636FE22B7AECF004AF864 /* Assets.xcassets */,
			);
			path = Services;
			sourceTree = "<group>";
		};
/* End PBXGroup section */

/* Begin PBXNativeTarget section */
		864636F322B7AECE004AF864 /* Tasktracker */ = {
			isa = PBXNativeTarget;
			buildConfigurationList = 8646370622B7AECF004AF864 /* Build configuration list for PBXNativeTarget "Tasktracker" */;
			buildPhases = (
				864636F022B7AECE004AF864 /* Sources */,
				864636F122B7AECE004AF864 /* Frameworks */,
				864636F222B7AECE004AF864 /* Resources */,
			);
			buildRules = (
			);
			dependencies = (
			);
			name = Tasktracker;
			productName = "Task tracker";
			productReference = 864636F422B7AECE004AF864 /* Tasktracker.app */;
			productType = "com.apple.product-type.application";
		};
/* End PBXNativeTarget section */

/* Begin PBXProject section */
		864636EC22B7AECE004AF864 /* Project object */ = {
			isa = PBXProject;
			attributes = {
				LastSwiftUpdateCheck = 1020;
				LastUpgradeCheck = 1020;
				ORGANIZATIONNAME = VladislavaVakulenko;
				TargetAttributes = {
					864636F322B7AECE004AF864 = {
						CreatedOnToolsVersion = 10.2;
					};
				};
			};
			buildConfigurationList = 864636EF22B7AECE004AF864 /* Build configuration list for PBXProject "Tasktracker" */;
			compatibilityVersion = "Xcode 9.3";
			developmentRegion = en;
			hasScannedForEncodings = 0;
			knownRegions = (
				en,
				Base,
			);
			mainGroup = 864636EB22B7AECE004AF864;
			productRefGroup = 864636F522B7AECE004AF864 /* Products */;
			projectDirPath = "";
			projectRoot = "";
			targets = (
				864636F322B7AECE004AF864 /* Tasktracker */,
			);
		};
/* End PBXProject section */

/* Begin PBXResourcesBuildPhase section */
		864636F222B7AECE004AF864 /* Resources */ = {
			isa = PBXResourcesBuildPhase;
			buildActionMask = 2147483647;
			files = (
				8646370222B7AECF004AF864 /* LaunchScreen.storyboard in Resources */,
				864636FF22B7AECF004AF864 /* Assets.xcassets in Resources */,
				864636FD22B7AECE004AF864 /* Main.storyboard in Resources */,
			);
			runOnlyForDeploymentPostprocessing = 0;
		};
/* End PBXResourcesBuildPhase section */

/* Begin PBXSourcesBuildPhase section */
		864636F022B7AECE004AF864 /* Sources */ = {
			isa = PBXSourcesBuildPhase;
			buildActionMask = 2147483647;
			files = (
				8686874F22B96FA2009461EB /* UserDef.swift in Sources */,
				8646370A22B7E422004AF864 /* DetailVC.swift in Sources */,
				8646370C22B93E4B004AF864 /* TableViewCell.swift in Sources */,
				864636FA22B7AECE004AF864 /* TasksTableVC.swift in Sources */,
				864636F822B7AECE004AF864 /* AppDelegate.swift in Sources */,
			);
			runOnlyForDeploymentPostprocessing = 0;
		};
/* End PBXSourcesBuildPhase section */

/* Begin PBXVariantGroup section */
		864636FB22B7AECE004AF864 /* Main.storyboard */ = {
			isa = PBXVariantGroup;
			children = (
				864636FC22B7AECE004AF864 /* Base */,
			);
			name = Main.storyboard;
			sourceTree = "<group>";
		};
		8646370022B7AECF004AF864 /* LaunchScreen.storyboard */ = {
			isa = PBXVariantGroup;
			children = (
				8646370122B7AECF004AF864 /* Base */,
			);
			name = LaunchScreen.storyboard;
			sourceTree = "<group>";
		};
/* End PBXVariantGroup section */

/* Begin XCBuildConfiguration section */
		8646370422B7AECF004AF864 /* Debug */ = {
			isa = XCBuildConfiguration;
			buildSettings = {
				ALWAYS_SEARCH_USER_PATHS = NO;
				CLANG_ANALYZER_NONNULL = YES;
				CLANG_ANALYZER_NUMBER_OBJECT_CONVERSION = YES_AGGRESSIVE;
				CLANG_CXX_LANGUAGE_STANDARD = "gnu++14";
				CLANG_CXX_LIBRARY = "libc++";
				CLANG_ENABLE_MODULES = YES;
				CLANG_ENABLE_OBJC_ARC = YES;
				CLANG_ENABLE_OBJC_WEAK = YES;
				CLANG_WARN_BLOCK_CAPTURE_AUTORELEASING = YES;
				CLANG_WARN_BOOL_CONVERSION = YES;
				CLANG_WARN_COMMA = YES;
				CLANG_WARN_CONSTANT_CONVERSION = YES;
				CLANG_WARN_DEPRECATED_OBJC_IMPLEMENTATIONS = YES;
				CLANG_WARN_DIRECT_OBJC_ISA_USAGE = YES_ERROR;
				CLANG_WARN_DOCUMENTATION_COMMENTS = YES;
				CLANG_WARN_EMPTY_BODY = YES;
				CLANG_WARN_ENUM_CONVERSION = YES;
				CLANG_WARN_INFINITE_RECURSION = YES;
				CLANG_WARN_INT_CONVERSION = YES;
				CLANG_WARN_NON_LITERAL_NULL_CONVERSION = YES;
				CLANG_WARN_OBJC_IMPLICIT_RETAIN_SELF = YES;
				CLANG_WARN_OBJC_LITERAL_CONVERSION = YES;
				CLANG_WARN_OBJC_ROOT_CLASS = YES_ERROR;
				CLANG_WARN_RANGE_LOOP_ANALYSIS = YES;
				CLANG_WARN_STRICT_PROTOTYPES = YES;
				CLANG_WARN_SUSPICIOUS_MOVE = YES;
				CLANG_WARN_UNGUARDED_AVAILABILITY = YES_AGGRESSIVE;
				CLANG_WARN_UNREACHABLE_CODE = YES;
				CLANG_WARN__DUPLICATE_METHOD_MATCH = YES;
				CODE_SIGN_IDENTITY = "iPhone Developer";
				COPY_PHASE_STRIP = NO;
				DEBUG_INFORMATION_FORMAT = dwarf;
				ENABLE_STRICT_OBJC_MSGSEND = YES;
				ENABLE_TESTABILITY = YES;
				GCC_C_LANGUAGE_STANDARD = gnu11;
				GCC_DYNAMIC_NO_PIC = NO;
				GCC_NO_COMMON_BLOCKS = YES;
				GCC_OPTIMIZATION_LEVEL = 0;
				GCC_PREPROCESSOR_DEFINITIONS = (
					"DEBUG=1",
					"$(inherited)",
				);
				GCC_WARN_64_TO_32_BIT_CONVERSION = YES;
				GCC_WARN_ABOUT_RETURN_TYPE = YES_ERROR;
				GCC_WARN_UNDECLARED_SELECTOR = YES;
				GCC_WARN_UNINITIALIZED_AUTOS = YES_AGGRESSIVE;
				GCC_WARN_UNUSED_FUNCTION = YES;
				GCC_WARN_UNUSED_VARIABLE = YES;
				IPHONEOS_DEPLOYMENT_TARGET = 12.2;
				MTL_ENABLE_DEBUG_INFO = INCLUDE_SOURCE;
				MTL_FAST_MATH = YES;
				ONLY_ACTIVE_ARCH = YES;
				SDKROOT = iphoneos;
				SWIFT_ACTIVE_COMPILATION_CONDITIONS = DEBUG;
				SWIFT_OPTIMIZATION_LEVEL = "-Onone";
			};
			name = Debug;
		};
		8646370522B7AECF004AF864 /* Release */ = {
			isa = XCBuildConfiguration;
			buildSettings = {
				ALWAYS_SEARCH_USER_PATHS = NO;
				CLANG_ANALYZER_NONNULL = YES;
				CLANG_ANALYZER_NUMBER_OBJECT_CONVERSION = YES_AGGRESSIVE;
				CLANG_CXX_LANGUAGE_STANDARD = "gnu++14";
				CLANG_CXX_LIBRARY = "libc++";
				CLANG_ENABLE_MODULES = YES;
				CLANG_ENABLE_OBJC_ARC = YES;
				CLANG_ENABLE_OBJC_WEAK = YES;
				CLANG_WARN_BLOCK_CAPTURE_AUTORELEASING = YES;
				CLANG_WARN_BOOL_CONVERSION = YES;
				CLANG_WARN_COMMA = YES;
				CLANG_WARN_CONSTANT_CONVERSION = YES;
				CLANG_WARN_DEPRECATED_OBJC_IMPLEMENTATIONS = YES;
				CLANG_WARN_DIRECT_OBJC_ISA_USAGE = YES_ERROR;
				CLANG_WARN_DOCUMENTATION_COMMENTS = YES;
				CLANG_WARN_EMPTY_BODY = YES;
				CLANG_WARN_ENUM_CONVERSION = YES;
				CLANG_WARN_INFINITE_RECURSION = YES;
				CLANG_WARN_INT_CONVERSION = YES;
				CLANG_WARN_NON_LITERAL_NULL_CONVERSION = YES;
				CLANG_WARN_OBJC_IMPLICIT_RETAIN_SELF = YES;
				CLANG_WARN_OBJC_LITERAL_CONVERSION = YES;
				CLANG_WARN_OBJC_ROOT_CLASS = YES_ERROR;
				CLANG_WARN_RANGE_LOOP_ANALYSIS = YES;
				CLANG_WARN_STRICT_PROTOTYPES = YES;
				CLANG_WARN_SUSPICIOUS_MOVE = YES;
				CLANG_WARN_UNGUARDED_AVAILABILITY = YES_AGGRESSIVE;
				CLANG_WARN_UNREACHABLE_CODE = YES;
				CLANG_WARN__DUPLICATE_METHOD_MATCH = YES;
				CODE_SIGN_IDENTITY = "iPhone Developer";
				COPY_PHASE_STRIP = NO;
				DEBUG_INFORMATION_FORMAT = "dwarf-with-dsym";
				ENABLE_NS_ASSERTIONS = NO;
				ENABLE_STRICT_OBJC_MSGSEND = YES;
				GCC_C_LANGUAGE_STANDARD = gnu11;
				GCC_NO_COMMON_BLOCKS = YES;
				GCC_WARN_64_TO_32_BIT_CONVERSION = YES;
				GCC_WARN_ABOUT_RETURN_TYPE = YES_ERROR;
				GCC_WARN_UNDECLARED_SELECTOR = YES;
				GCC_WARN_UNINITIALIZED_AUTOS = YES_AGGRESSIVE;
				GCC_WARN_UNUSED_FUNCTION = YES;
				GCC_WARN_UNUSED_VARIABLE = YES;
				IPHONEOS_DEPLOYMENT_TARGET = 12.2;
				MTL_ENABLE_DEBUG_INFO = NO;
				MTL_FAST_MATH = YES;
				SDKROOT = iphoneos;
				SWIFT_COMPILATION_MODE = wholemodule;
				SWIFT_OPTIMIZATION_LEVEL = "-O";
				VALIDATE_PRODUCT = YES;
			};
			name = Release;
		};
		8646370722B7AECF004AF864 /* Debug */ = {
			isa = XCBuildConfiguration;
			buildSettings = {
				ASSETCATALOG_COMPILER_APPICON_NAME = AppIcon;
				CODE_SIGN_STYLE = Automatic;
				DEVELOPMENT_TEAM = GD7JFQT486;
				INFOPLIST_FILE = "Task tracker/Info.plist";
				LD_RUNPATH_SEARCH_PATHS = (
					"$(inherited)",
					"@executable_path/Frameworks",
				);
				PRODUCT_BUNDLE_IDENTIFIER = "com.VAKULENKO.Task-tracker";
				PRODUCT_NAME = "$(TARGET_NAME)";
				SWIFT_VERSION = 5.0;
				TARGETED_DEVICE_FAMILY = "1,2";
			};
			name = Debug;
		};
		8646370822B7AECF004AF864 /* Release */ = {
			isa = XCBuildConfiguration;
			buildSettings = {
				ASSETCATALOG_COMPILER_APPICON_NAME = AppIcon;
				CODE_SIGN_STYLE = Automatic;
				DEVELOPMENT_TEAM = GD7JFQT486;
				INFOPLIST_FILE = "Task tracker/Info.plist";
				LD_RUNPATH_SEARCH_PATHS = (
					"$(inherited)",
					"@executable_path/Frameworks",
				);
				PRODUCT_BUNDLE_IDENTIFIER = "com.VAKULENKO.Task-tracker";
				PRODUCT_NAME = "$(TARGET_NAME)";
				SWIFT_VERSION = 5.0;
				TARGETED_DEVICE_FAMILY = "1,2";
			};
			name = Release;
		};
/* End XCBuildConfiguration section */

/* Begin XCConfigurationList section */
		864636EF22B7AECE004AF864 /* Build configuration list for PBXProject "Tasktracker" */ = {
			isa = XCConfigurationList;
			buildConfigurations = (
				8646370422B7AECF004AF864 /* Debug */,
				8646370522B7AECF004AF864 /* Release */,
			);
			defaultConfigurationIsVisible = 0;
			defaultConfigurationName = Release;
		};
		8646370622B7AECF004AF864 /* Build configuration list for PBXNativeTarget "Tasktracker" */ = {
			isa = XCConfigurationList;
			buildConfigurations = (
				8646370722B7AECF004AF864 /* Debug */,
				8646370822B7AECF004AF864 /* Release */,
			);
			defaultConfigurationIsVisible = 0;
			defaultConfigurationName = Release;
		};
/* End XCConfigurationList section */
	};
	rootObject = 864636EC22B7AECE004AF864 /* Project object */;
}
